<?xml version="1.0" encoding="utf-8"?>
<Project ToolsVersion="4.0" xmlns="http://schemas.microsoft.com/developer/msbuild/2003">
  <ItemGroup>
    <Filter Include="Source Files">
      <UniqueIdentifier>{4FC737F1-C7A5-4376-A066-2A32D752A2FF}</UniqueIdentifier>
      <Extensions>cpp;c;cc;cxx;def;odl;idl;hpj;bat;asm;asmx</Extensions>
    </Filter>
    <Filter Include="Header Files">
      <UniqueIdentifier>{93995380-89BD-4b04-88EB-625FBE52EBFB}</UniqueIdentifier>
      <Extensions>h;hh;hpp;hxx;hm;inl;inc;xsd</Extensions>
    </Filter>
    <Filter Include="Resource Files">
      <UniqueIdentifier>{67DA6AB6-F800-4c08-8B7A-83BB121AAD01}</UniqueIdentifier>
      <Extensions>rc;ico;cur;bmp;dlg;rc2;rct;bin;rgs;gif;jpg;jpeg;jpe;resx;tiff;tif;png;wav</Extensions>
    </Filter>
  </ItemGroup>
  <ItemGroup>
    <ClCompile Include="myclient\MyClient.cpp">
      <Filter>Source Files</Filter>
    </ClCompile>
    <ClCompile Include="mygameserver\MyGameServer.cpp">
      <Filter>Source Files</Filter>
    </ClCompile>
    <ClCompile Include="out\build\x64-debug\cmakefiles\3.20.21032501-msvc_2\compileridc\CMakeCCompilerId.c">
      <Filter>Source Files</Filter>
    </ClCompile>
    <ClCompile Include="out\build\x64-debug\cmakefiles\3.20.21032501-msvc_2\compileridcxx\CMakeCXXCompilerId.cpp">
      <Filter>Source Files</Filter>
    </ClCompile>
    <ClCompile Include="out\build\x64-debug\cmakefiles\showincludes\main.c">
      <Filter>Source Files</Filter>
    </ClCompile>
    <ClCompile Include="servercommon\networkmodule\networkmodule.cpp">
      <Filter>Source Files</Filter>
    </ClCompile>
    <ClCompile Include="servercommon\networkmodule\tcpserver.cpp">
      <Filter>Source Files</Filter>
    </ClCompile>
  </ItemGroup>
  <ItemGroup>
    <ClInclude Include="include\libhv\axios.h">
      <Filter>Header Files</Filter>
    </ClInclude>
    <ClInclude Include="include\libhv\base64.h">
      <Filter>Header Files</Filter>
    </ClInclude>
    <ClInclude Include="include\libhv\Buffer.h">
      <Filter>Header Files</Filter>
    </ClInclude>
    <ClInclude Include="include\libhv\Callback.h">
      <Filter>Header Files</Filter>
    </ClInclude>
    <ClInclude Include="include\libhv\Channel.h">
      <Filter>Header Files</Filter>
    </ClInclude>
    <ClInclude Include="include\libhv\Event.h">
      <Filter>Header Files</Filter>
    </ClInclude>
    <ClInclude Include="include\libhv\EventLoop.h">
      <Filter>Header Files</Filter>
    </ClInclude>
    <ClInclude Include="include\libhv\EventLoopThread.h">
      <Filter>Header Files</Filter>
    </ClInclude>
    <ClInclude Include="include\libhv\EventLoopThreadPool.h">
      <Filter>Header Files</Filter>
    </ClInclude>
    <ClInclude Include="include\libhv\grpcdef.h">
      <Filter>Header Files</Filter>
    </ClInclude>
    <ClInclude Include="include\libhv\hatomic.h">
      <Filter>Header Files</Filter>
    </ClInclude>
    <ClInclude Include="include\libhv\hbase.h">
      <Filter>Header Files</Filter>
    </ClInclude>
    <ClInclude Include="include\libhv\hbuf.h">
      <Filter>Header Files</Filter>
    </ClInclude>
    <ClInclude Include="include\libhv\hconfig.h">
      <Filter>Header Files</Filter>
    </ClInclude>
    <ClInclude Include="include\libhv\hdef.h">
      <Filter>Header Files</Filter>
    </ClInclude>
    <ClInclude Include="include\libhv\hdir.h">
      <Filter>Header Files</Filter>
    </ClInclude>
    <ClInclude Include="include\libhv\hendian.h">
      <Filter>Header Files</Filter>
    </ClInclude>
    <ClInclude Include="include\libhv\herr.h">
      <Filter>Header Files</Filter>
    </ClInclude>
    <ClInclude Include="include\libhv\hexport.h">
      <Filter>Header Files</Filter>
    </ClInclude>
    <ClInclude Include="include\libhv\hfile.h">
      <Filter>Header Files</Filter>
    </ClInclude>
    <ClInclude Include="include\libhv\hlog.h">
      <Filter>Header Files</Filter>
    </ClInclude>
    <ClInclude Include="include\libhv\hloop.h">
      <Filter>Header Files</Filter>
    </ClInclude>
    <ClInclude Include="include\libhv\hmain.h">
      <Filter>Header Files</Filter>
    </ClInclude>
    <ClInclude Include="include\libhv\hmap.h">
      <Filter>Header Files</Filter>
    </ClInclude>
    <ClInclude Include="include\libhv\hmath.h">
      <Filter>Header Files</Filter>
    </ClInclude>
    <ClInclude Include="include\libhv\hmutex.h">
      <Filter>Header Files</Filter>
    </ClInclude>
    <ClInclude Include="include\libhv\hobjectpool.h">
      <Filter>Header Files</Filter>
    </ClInclude>
    <ClInclude Include="include\libhv\hpath.h">
      <Filter>Header Files</Filter>
    </ClInclude>
    <ClInclude Include="include\libhv\hplatform.h">
      <Filter>Header Files</Filter>
    </ClInclude>
    <ClInclude Include="include\libhv\hproc.h">
      <Filter>Header Files</Filter>
    </ClInclude>
    <ClInclude Include="include\libhv\hscope.h">
      <Filter>Header Files</Filter>
    </ClInclude>
    <ClInclude Include="include\libhv\hsocket.h">
      <Filter>Header Files</Filter>
    </ClInclude>
    <ClInclude Include="include\libhv\hssl.h">
      <Filter>Header Files</Filter>
    </ClInclude>
    <ClInclude Include="include\libhv\hstring.h">
      <Filter>Header Files</Filter>
    </ClInclude>
    <ClInclude Include="include\libhv\hsysinfo.h">
      <Filter>Header Files</Filter>
    </ClInclude>
    <ClInclude Include="include\libhv\hthread.h">
      <Filter>Header Files</Filter>
    </ClInclude>
    <ClInclude Include="include\libhv\hthreadpool.h">
      <Filter>Header Files</Filter>
    </ClInclude>
    <ClInclude Include="include\libhv\htime.h">
      <Filter>Header Files</Filter>
    </ClInclude>
    <ClInclude Include="include\libhv\http2def.h">
      <Filter>Header Files</Filter>
    </ClInclude>
    <ClInclude Include="include\libhv\HttpContext.h">
      <Filter>Header Files</Filter>
    </ClInclude>
    <ClInclude Include="include\libhv\httpdef.h">
      <Filter>Header Files</Filter>
    </ClInclude>
    <ClInclude Include="include\libhv\HttpMessage.h">
      <Filter>Header Files</Filter>
    </ClInclude>
    <ClInclude Include="include\libhv\HttpParser.h">
      <Filter>Header Files</Filter>
    </ClInclude>
    <ClInclude Include="include\libhv\HttpResponseWriter.h">
      <Filter>Header Files</Filter>
    </ClInclude>
    <ClInclude Include="include\libhv\HttpServer.h">
      <Filter>Header Files</Filter>
    </ClInclude>
    <ClInclude Include="include\libhv\HttpService.h">
      <Filter>Header Files</Filter>
    </ClInclude>
    <ClInclude Include="include\libhv\http_client.h">
      <Filter>Header Files</Filter>
    </ClInclude>
    <ClInclude Include="include\libhv\http_content.h">
      <Filter>Header Files</Filter>
    </ClInclude>
    <ClInclude Include="include\libhv\hurl.h">
      <Filter>Header Files</Filter>
    </ClInclude>
    <ClInclude Include="include\libhv\hv.h">
      <Filter>Header Files</Filter>
    </ClInclude>
    <ClInclude Include="include\libhv\hversion.h">
      <Filter>Header Files</Filter>
    </ClInclude>
    <ClInclude Include="include\libhv\ifconfig.h">
      <Filter>Header Files</Filter>
    </ClInclude>
    <ClInclude Include="include\libhv\iniparser.h">
      <Filter>Header Files</Filter>
    </ClInclude>
    <ClInclude Include="include\libhv\md5.h">
      <Filter>Header Files</Filter>
    </ClInclude>
    <ClInclude Include="include\libhv\nlog.h">
      <Filter>Header Files</Filter>
    </ClInclude>
    <ClInclude Include="include\libhv\requests.h">
      <Filter>Header Files</Filter>
    </ClInclude>
    <ClInclude Include="include\libhv\sha1.h">
      <Filter>Header Files</Filter>
    </ClInclude>
    <ClInclude Include="include\libhv\singleton.h">
      <Filter>Header Files</Filter>
    </ClInclude>
    <ClInclude Include="include\libhv\Status.h">
      <Filter>Header Files</Filter>
    </ClInclude>
    <ClInclude Include="include\libhv\TcpClient.h">
      <Filter>Header Files</Filter>
    </ClInclude>
    <ClInclude Include="include\libhv\TcpServer.h">
      <Filter>Header Files</Filter>
    </ClInclude>
    <ClInclude Include="include\libhv\ThreadLocalStorage.h">
      <Filter>Header Files</Filter>
    </ClInclude>
    <ClInclude Include="include\libhv\UdpClient.h">
      <Filter>Header Files</Filter>
    </ClInclude>
    <ClInclude Include="include\libhv\UdpServer.h">
      <Filter>Header Files</Filter>
    </ClInclude>
    <ClInclude Include="include\libhv\WebSocketChannel.h">
      <Filter>Header Files</Filter>
    </ClInclude>
    <ClInclude Include="include\libhv\WebSocketClient.h">
      <Filter>Header Files</Filter>
    </ClInclude>
    <ClInclude Include="include\libhv\WebSocketParser.h">
      <Filter>Header Files</Filter>
    </ClInclude>
    <ClInclude Include="include\libhv\WebSocketServer.h">
      <Filter>Header Files</Filter>
    </ClInclude>
    <ClInclude Include="include\libhv\wsdef.h">
      <Filter>Header Files</Filter>
    </ClInclude>
    <ClInclude Include="include\libhv\json.hpp">
      <Filter>Header Files</Filter>
    </ClInclude>
    <ClInclude Include="myclient\MyClient.h">
      <Filter>Header Files</Filter>
    </ClInclude>
    <ClInclude Include="mygameserver\MyGameServer.h">
      <Filter>Header Files</Filter>
    </ClInclude>
    <ClInclude Include="out\build\x64-debug\cmakefiles\showincludes\foo.h">
      <Filter>Header Files</Filter>
    </ClInclude>
    <ClInclude Include="servercommon\networkmodule\networkmodule.hpp">
      <Filter>Header Files</Filter>
    </ClInclude>
    <ClInclude Include="servercommon\networkmodule\tcpserver.hpp">
      <Filter>Header Files</Filter>
    </ClInclude>
  </ItemGroup>
  <ItemGroup>
    <None Include="out\build\x64-debug\cmakefiles\3.20.21032501-msvc_2\CMakeDetermineCompilerABI_C.bin">
      <Filter>Resource Files</Filter>
    </None>
    <None Include="out\build\x64-debug\cmakefiles\3.20.21032501-msvc_2\CMakeDetermineCompilerABI_CXX.bin">
      <Filter>Resource Files</Filter>
    </None>
  </ItemGroup>
  <ItemGroup>
    <ResourceCompile Include="out\build\x64-debug\myclient\cmakefiles\myclient.dir\manifest.rc">
      <Filter>Resource Files</Filter>
    </ResourceCompile>
    <ResourceCompile Include="out\build\x64-debug\mygameserver\cmakefiles\mygameserver.dir\manifest.rc">
      <Filter>Resource Files</Filter>
    </ResourceCompile>
  </ItemGroup>
</Project>