<?xml version="1.0" encoding="utf-8"?>
<Project ToolsVersion="4.0" xmlns="http://schemas.microsoft.com/developer/msbuild/2003">
  <ItemGroup>
    <Filter Include="源文件">
      <UniqueIdentifier>{4FC737F1-C7A5-4376-A066-2A32D752A2FF}</UniqueIdentifier>
      <Extensions>cpp;c;cc;cxx;c++;cppm;ixx;def;odl;idl;hpj;bat;asm;asmx</Extensions>
    </Filter>
    <Filter Include="头文件">
      <UniqueIdentifier>{93995380-89BD-4b04-88EB-625FBE52EBFB}</UniqueIdentifier>
      <Extensions>h;hh;hpp;hxx;h++;hm;inl;inc;ipp;xsd</Extensions>
    </Filter>
    <Filter Include="资源文件">
      <UniqueIdentifier>{67DA6AB6-F800-4c08-8B7A-83BB121AAD01}</UniqueIdentifier>
      <Extensions>rc;ico;cur;bmp;dlg;rc2;rct;bin;rgs;gif;jpg;jpeg;jpe;resx;tiff;tif;png;wav;mfcribbon-ms</Extensions>
    </Filter>
    <Filter Include="proto">
      <UniqueIdentifier>{39b22b04-699a-4bae-812c-c98c60075ebf}</UniqueIdentifier>
    </Filter>
    <Filter Include="proto\testPackage">
      <UniqueIdentifier>{df987682-8160-4e59-b624-f004d137b26e}</UniqueIdentifier>
    </Filter>
  </ItemGroup>
  <ItemGroup>
    <ClCompile Include="MyGameServer.cpp">
      <Filter>源文件</Filter>
    </ClCompile>
    <ClCompile Include="..\servercommon\networkmodule\networkmodule.cpp">
      <Filter>源文件</Filter>
    </ClCompile>
    <ClCompile Include="..\servercommon\networkmodule\tcpserver.cpp">
      <Filter>源文件</Filter>
    </ClCompile>
    <ClCompile Include="..\servercommon\imodule.cpp">
      <Filter>源文件</Filter>
    </ClCompile>
    <ClCompile Include="..\servercommon\module_manager.cpp">
      <Filter>源文件</Filter>
    </ClCompile>
    <ClCompile Include="..\servercommon\businessmodule\businessmodule.cpp">
      <Filter>源文件</Filter>
    </ClCompile>
    <ClCompile Include="..\servercommon\protobuf\proto\testPackage.testProto.pb.cc">
      <Filter>proto\testPackage</Filter>
    </ClCompile>
  </ItemGroup>
  <ItemGroup>
    <ClInclude Include="MyGameServer.h">
      <Filter>头文件</Filter>
    </ClInclude>
    <ClInclude Include="..\servercommon\networkmodule\networkmodule.hpp">
      <Filter>头文件</Filter>
    </ClInclude>
    <ClInclude Include="..\servercommon\networkmodule\tcpserver.hpp">
      <Filter>头文件</Filter>
    </ClInclude>
    <ClInclude Include="..\servercommon\module_def.hpp">
      <Filter>头文件</Filter>
    </ClInclude>
    <ClInclude Include="..\servercommon\imodule.hpp">
      <Filter>头文件</Filter>
    </ClInclude>
    <ClInclude Include="..\servercommon\module_manager.hpp">
      <Filter>头文件</Filter>
    </ClInclude>
    <ClInclude Include="..\servercommon\businessmodule\businessmodule.hpp">
      <Filter>头文件</Filter>
    </ClInclude>
    <ClInclude Include="..\servercommon\protobuf\proto\testPackage.testProto.pb.h">
      <Filter>proto\testPackage</Filter>
    </ClInclude>
  </ItemGroup>
  <ItemGroup>
    <None Include="..\servercommon\protobuf\proto\testPackage.testProto.proto">
      <Filter>proto\testPackage</Filter>
    </None>
  </ItemGroup>
</Project>